
Microsoft Visual Studio Solution File, Format Version 12.00
# Visual Studio Version 16
VisualStudioVersion = 16.0.31605.320
MinimumVisualStudioVersion = 10.0.40219.1
Project("{9A19103F-16F7-4668-BE54-9A1E7A4F7556}") = "TucDemoAjax", "TucDemoAjax\TucDemoAjax.csproj", "{77F78BC4-80A8-4A12-A6EC-263777F29AB7}"
EndProject
Global
	GlobalSection(SolutionConfigurationPlatforms) = preSolution
		Debug|Any CPU = Debug|Any CPU
		Release|Any CPU = Release|Any CPU
	EndGlobalSection
	GlobalSection(ProjectConfigurationPlatforms) = postSolution
		{77F78BC4-80A8-4A12-A6EC-263777F29AB7}.Debug|Any CPU.ActiveCfg = Debug|Any CPU
		{77F78BC4-80A8-4A12-A6EC-263777F29AB7}.Debug|Any CPU.Build.0 = Debug|Any CPU
		{77F78BC4-80A8-4A12-A6EC-263777F29AB7}.Release|Any CPU.ActiveCfg = Release|Any CPU
		{77F78BC4-80A8-4A12-A6EC-263777F29AB7}.Release|Any CPU.Build.0 = Release|Any CPU
	EndGlobalSection
	GlobalSection(SolutionProperties) = preSolution
		HideSolutionNode = FALSE
	EndGlobalSection
	GlobalSection(ExtensibilityGlobals) = postSolution
		SolutionGuid = {1278FC43-F7D6-4F01-BEBF-358E0706A1C7}
	EndGlobalSection
EndGlobal
